PODS:
  - Alamofire (4.4.0)
  - AlamofireObjectMapper (4.1.0):
    - Alamofire (~> 4.1)
    - ObjectMapper (~> 2.0)
  - Firebase/Core (3.17.0):
    - FirebaseAnalytics (= 3.9.0)
    - FirebaseCore (= 3.6.0)
  - Firebase/Messaging (3.17.0):
    - Firebase/Core
    - FirebaseMessaging (= 1.2.3)
  - FirebaseAnalytics (3.9.0):
    - FirebaseCore (~> 3.6)
    - FirebaseInstanceID (~> 1.0)
    - GoogleToolboxForMac/NSData+zlib (~> 2.1)
  - FirebaseCore (3.6.0):
    - GoogleToolboxForMac/NSData+zlib (~> 2.1)
  - FirebaseInstanceID (1.0.10):
    - FirebaseCore (~> 3.6)
  - FirebaseMessaging (1.2.3):
    - FirebaseAnalytics (~> 3.8)
    - FirebaseInstanceID (~> 1.0)
    - GoogleToolboxForMac/Logger (~> 2.1)
    - Protobuf (~> 3.1)
  - Fusuma (1.0.3)
  - Google/Core (3.0.3):
    - FirebaseAnalytics (~> 3.2)
  - Google/SignIn (3.0.3):
    - Google/Core
    - GoogleSignIn (~> 4.0)
  - GoogleMaps (2.2.0):
    - GoogleMaps/Maps (= 2.2.0)
  - GoogleMaps/Base (2.2.0)
  - GoogleMaps/Maps (2.2.0):
    - GoogleMaps/Base
  - GooglePlaces (2.2.0):
    - GoogleMaps/Base (= 2.2.0)
  - GoogleSignIn (4.0.2):
    - GoogleToolboxForMac/NSDictionary+URLArguments (~> 2.1)
    - GoogleToolboxForMac/NSString+URLArguments (~> 2.1)
    - GTMOAuth2 (~> 1.0)
    - GTMSessionFetcher/Core (~> 1.1)
  - GoogleToolboxForMac/DebugUtils (2.1.1):
    - GoogleToolboxForMac/Defines (= 2.1.1)
  - GoogleToolboxForMac/Defines (2.1.1)
  - GoogleToolboxForMac/Logger (2.1.1):
    - GoogleToolboxForMac/Defines (= 2.1.1)
  - GoogleToolboxForMac/NSData+zlib (2.1.1):
    - GoogleToolboxForMac/Defines (= 2.1.1)
  - GoogleToolboxForMac/NSDictionary+URLArguments (2.1.1):
    - GoogleToolboxForMac/DebugUtils (= 2.1.1)
    - GoogleToolboxForMac/Defines (= 2.1.1)
    - GoogleToolboxForMac/NSString+URLArguments (= 2.1.1)
  - GoogleToolboxForMac/NSString+URLArguments (2.1.1)
  - GTMOAuth2 (1.1.4):
    - GTMSessionFetcher (~> 1.1)
  - GTMSessionFetcher (1.1.9):
    - GTMSessionFetcher/Full (= 1.1.9)
  - GTMSessionFetcher/Core (1.1.9)
  - GTMSessionFetcher/Full (1.1.9):
    - GTMSessionFetcher/Core (= 1.1.9)
  - ObjectMapper (2.2.6)
  - Pager (1.2.0)
  - Protobuf (3.3.0)
  - SDWebImage (4.0.0):
    - SDWebImage/Core (= 4.0.0)
  - SDWebImage/Core (4.0.0)
  - SpinKit (1.2.0)

DEPENDENCIES:
  - Alamofire
  - AlamofireObjectMapper
  - Firebase/Core
  - Firebase/Messaging
  - Fusuma
  - Google/SignIn
  - GoogleMaps
  - GooglePlaces
  - Pager
  - SDWebImage
  - SpinKit (~> 1.1)

SPEC CHECKSUMS:
  Alamofire: dc44b1600b800eb63da6a19039a0083d62a6a62d
  AlamofireObjectMapper: 435adc82f5b367679bd9e71c4974a54efd0b2521
  Firebase: 4b66b5b59c43edac745b87f0c87e42cdd0279c13
  FirebaseAnalytics: e5fe8486efc01bec33f6bf82e2fa9fce4b124052
  FirebaseCore: 9691ee2ade70c098d7cf92440f4303f16d83ca75
  FirebaseInstanceID: b9eedd6846fb5e1f0f7279e1deaa7a7e4cf8392e
  FirebaseMessaging: 753d05a925e9eb8eadd09a0ffc9b808578b72fac
  Fusuma: 60ed1dd51a3b3610960219df9862c83f03304ce1
  Google: cd92fab98f800f509da88c1e0c570275713bc9d5
  GoogleMaps: 104c418d61ab8a05dff06ed0784c25ea9d37da45
  GooglePlaces: bca867d5e9da15384c794b945e4226848bc6e9d9
  GoogleSignIn: d7ad83f13480e1f30453471d00d19b5293ac46af
  GoogleToolboxForMac: 8e329f1b599f2512c6b10676d45736bcc2cbbeb0
  GTMOAuth2: 7fc9c10f5c745f4d9850419ea88889fe3baa6b7d
  GTMSessionFetcher: 5c046c76a1f859bc9c187e918f18e4fc7bb57b5e
  ObjectMapper: 042708195cc46c20871cbcbec0453826398273fd
  Pager: f998c054e5074e987bd73d73ca903875acfbd365
  Protobuf: d582fecf68201eac3d79ed61369ef45734394b9c
  SDWebImage: 76a6348bdc74eb5a55dd08a091ef298e56b55e41
  SpinKit: 65906a8b534a4e14cbfd3f8b0b6c329131faef4a

PODFILE CHECKSUM: c1ae3185b74899b3f755e5c13cc9b1a7573ffad5

COCOAPODS: 1.0.1
